
Microsoft Visual Studio Solution File, Format Version 11.00
# Visual Studio 2010
Project("{8BC9CEB8-8B4A-11D0-8D11-00A0C91BC942}") = "lib_vad_test", "lib_vad_test.vcxproj", "{8C75C6D2-2AC2-4687-9C4E-5E2BB77B1082}"
EndProject
Global
	GlobalSection(SolutionConfigurationPlatforms) = preSolution
		Debug|Win32 = Debug|Win32
		Release|Win32 = Release|Win32
	EndGlobalSection
	GlobalSection(ProjectConfigurationPlatforms) = postSolution
		{8C75C6D2-2AC2-4687-9C4E-5E2BB77B1082}.Debug|Win32.ActiveCfg = Debug|Win32
		{8C75C6D2-2AC2-4687-9C4E-5E2BB77B1082}.Debug|Win32.Build.0 = Debug|Win32
		{8C75C6D2-2AC2-4687-9C4E-5E2BB77B1082}.Release|Win32.ActiveCfg = Release|Win32
		{8C75C6D2-2AC2-4687-9C4E-5E2BB77B1082}.Release|Win32.Build.0 = Release|Win32
	EndGlobalSection
	GlobalSection(SolutionProperties) = preSolution
		HideSolutionNode = FALSE
	EndGlobalSection
EndGlobal
